
Microsoft Visual Studio Solution File, Format Version 12.00
# Visual Studio Version 16
VisualStudioVersion = 16.0.31019.35
MinimumVisualStudioVersion = 10.0.40219.1
Project("{FAE04EC0-301F-11D3-BF4B-00C04F79EFBC}") = "jpLearningToolOcr", "jpLearningToolOcr.csproj", "{B328295D-E730-4540-B98E-63BF01930D59}"
EndProject
Global
	GlobalSection(SolutionConfigurationPlatforms) = preSolution
		Debug|Any CPU = Debug|Any CPU
		Release|Any CPU = Release|Any CPU
	EndGlobalSection
	GlobalSection(ProjectConfigurationPlatforms) = postSolution
		{B328295D-E730-4540-B98E-63BF01930D59}.Debug|Any CPU.ActiveCfg = Debug|Any CPU
		{B328295D-E730-4540-B98E-63BF01930D59}.Debug|Any CPU.Build.0 = Debug|Any CPU
		{B328295D-E730-4540-B98E-63BF01930D59}.Release|Any CPU.ActiveCfg = Release|Any CPU
		{B328295D-E730-4540-B98E-63BF01930D59}.Release|Any CPU.Build.0 = Release|Any CPU
	EndGlobalSection
	GlobalSection(SolutionProperties) = preSolution
		HideSolutionNode = FALSE
	EndGlobalSection
	GlobalSection(ExtensibilityGlobals) = postSolution
		SolutionGuid = {A22EEA79-4C1B-4136-B6FA-E09795FCE689}
	EndGlobalSection
EndGlobal
